
Microsoft Visual Studio Solution File, Format Version 12.00
# Visual Studio Version 17
VisualStudioVersion = 17.10.34928.147
MinimumVisualStudioVersion = 10.0.40219.1
Project("{FAE04EC0-301F-11D3-BF4B-00C04F79EFBC}") = "TodoBot.API", "TodoBot.API\TodoBot.API.csproj", "{ECEECCF0-0A71-45BE-90BE-AA73D8AC0C43}"
EndProject
Project("{FAE04EC0-301F-11D3-BF4B-00C04F79EFBC}") = "TodoBot.UI", "TodoBot.UI\TodoBot.UI.csproj", "{D90DB6F8-9201-4D99-9EDF-C4A67550AC1E}"
EndProject
Global
	GlobalSection(SolutionConfigurationPlatforms) = preSolution
		Debug|Any CPU = Debug|Any CPU
		Release|Any CPU = Release|Any CPU
	EndGlobalSection
	GlobalSection(ProjectConfigurationPlatforms) = postSolution
		{ECEECCF0-0A71-45BE-90BE-AA73D8AC0C43}.Debug|Any CPU.ActiveCfg = Debug|Any CPU
		{ECEECCF0-0A71-45BE-90BE-AA73D8AC0C43}.Debug|Any CPU.Build.0 = Debug|Any CPU
		{ECEECCF0-0A71-45BE-90BE-AA73D8AC0C43}.Release|Any CPU.ActiveCfg = Release|Any CPU
		{ECEECCF0-0A71-45BE-90BE-AA73D8AC0C43}.Release|Any CPU.Build.0 = Release|Any CPU
		{D90DB6F8-9201-4D99-9EDF-C4A67550AC1E}.Debug|Any CPU.ActiveCfg = Debug|Any CPU
		{D90DB6F8-9201-4D99-9EDF-C4A67550AC1E}.Debug|Any CPU.Build.0 = Debug|Any CPU
		{D90DB6F8-9201-4D99-9EDF-C4A67550AC1E}.Release|Any CPU.ActiveCfg = Release|Any CPU
		{D90DB6F8-9201-4D99-9EDF-C4A67550AC1E}.Release|Any CPU.Build.0 = Release|Any CPU
	EndGlobalSection
	GlobalSection(SolutionProperties) = preSolution
		HideSolutionNode = FALSE
	EndGlobalSection
	GlobalSection(ExtensibilityGlobals) = postSolution
		SolutionGuid = {20D8A2E7-9029-4274-BD59-94DB8FAF7C89}
	EndGlobalSection
EndGlobal
